
Microsoft Visual Studio Solution File, Format Version 12.00
# Visual Studio Version 17
VisualStudioVersion = 17.0.31903.59
MinimumVisualStudioVersion = 10.0.40219.1
Project("{2150E333-8FDC-42A3-9474-1A3956D46DE8}") = "src", "src", "{A624A55B-40AF-4301-AD4E-58E9CE3E60FA}"
EndProject
Project("{2150E333-8FDC-42A3-9474-1A3956D46DE8}") = "AuthenticationManager", "AuthenticationManager", "{50981F55-FD4C-4A1A-A489-5039F13EE55C}"
EndProject
Project("{FAE04EC0-301F-11D3-BF4B-00C04F79EFBC}") = "Application", "src\AuthenticationManager\Application\Application.csproj", "{04A43160-5F02-42AA-A227-3A10E2C914BB}"
EndProject
Project("{FAE04EC0-301F-11D3-BF4B-00C04F79EFBC}") = "Domain", "src\AuthenticationManager\Domain\Domain.csproj", "{083ADAE3-C3B2-4250-9FD2-F445D129D814}"
EndProject
Project("{FAE04EC0-301F-11D3-BF4B-00C04F79EFBC}") = "Infrastructure", "src\AuthenticationManager\Infrastructure\Infrastructure.csproj", "{230D88C0-5EE9-405A-BEF3-EF7E964FB071}"
EndProject
Project("{FAE04EC0-301F-11D3-BF4B-00C04F79EFBC}") = "Presentation", "src\AuthenticationManager\Presentation\Presentation.csproj", "{856A8BD7-571B-45F2-9ADC-7494D1CC3266}"
EndProject
Project("{FAE04EC0-301F-11D3-BF4B-00C04F79EFBC}") = "Shared", "src\Shared\Shared.csproj", "{595A8371-D44F-48D1-9EC1-642060634A7F}"
EndProject
Global
	GlobalSection(SolutionConfigurationPlatforms) = preSolution
		Debug|Any CPU = Debug|Any CPU
		Release|Any CPU = Release|Any CPU
	EndGlobalSection
	GlobalSection(ProjectConfigurationPlatforms) = postSolution
		{04A43160-5F02-42AA-A227-3A10E2C914BB}.Debug|Any CPU.ActiveCfg = Debug|Any CPU
		{04A43160-5F02-42AA-A227-3A10E2C914BB}.Debug|Any CPU.Build.0 = Debug|Any CPU
		{04A43160-5F02-42AA-A227-3A10E2C914BB}.Release|Any CPU.ActiveCfg = Release|Any CPU
		{04A43160-5F02-42AA-A227-3A10E2C914BB}.Release|Any CPU.Build.0 = Release|Any CPU
		{083ADAE3-C3B2-4250-9FD2-F445D129D814}.Debug|Any CPU.ActiveCfg = Debug|Any CPU
		{083ADAE3-C3B2-4250-9FD2-F445D129D814}.Debug|Any CPU.Build.0 = Debug|Any CPU
		{083ADAE3-C3B2-4250-9FD2-F445D129D814}.Release|Any CPU.ActiveCfg = Release|Any CPU
		{083ADAE3-C3B2-4250-9FD2-F445D129D814}.Release|Any CPU.Build.0 = Release|Any CPU
		{230D88C0-5EE9-405A-BEF3-EF7E964FB071}.Debug|Any CPU.ActiveCfg = Debug|Any CPU
		{230D88C0-5EE9-405A-BEF3-EF7E964FB071}.Debug|Any CPU.Build.0 = Debug|Any CPU
		{230D88C0-5EE9-405A-BEF3-EF7E964FB071}.Release|Any CPU.ActiveCfg = Release|Any CPU
		{230D88C0-5EE9-405A-BEF3-EF7E964FB071}.Release|Any CPU.Build.0 = Release|Any CPU
		{856A8BD7-571B-45F2-9ADC-7494D1CC3266}.Debug|Any CPU.ActiveCfg = Debug|Any CPU
		{856A8BD7-571B-45F2-9ADC-7494D1CC3266}.Debug|Any CPU.Build.0 = Debug|Any CPU
		{856A8BD7-571B-45F2-9ADC-7494D1CC3266}.Release|Any CPU.ActiveCfg = Release|Any CPU
		{856A8BD7-571B-45F2-9ADC-7494D1CC3266}.Release|Any CPU.Build.0 = Release|Any CPU
		{595A8371-D44F-48D1-9EC1-642060634A7F}.Debug|Any CPU.ActiveCfg = Debug|Any CPU
		{595A8371-D44F-48D1-9EC1-642060634A7F}.Debug|Any CPU.Build.0 = Debug|Any CPU
		{595A8371-D44F-48D1-9EC1-642060634A7F}.Release|Any CPU.ActiveCfg = Release|Any CPU
		{595A8371-D44F-48D1-9EC1-642060634A7F}.Release|Any CPU.Build.0 = Release|Any CPU
	EndGlobalSection
	GlobalSection(SolutionProperties) = preSolution
		HideSolutionNode = FALSE
	EndGlobalSection
	GlobalSection(NestedProjects) = preSolution
		{50981F55-FD4C-4A1A-A489-5039F13EE55C} = {A624A55B-40AF-4301-AD4E-58E9CE3E60FA}
		{04A43160-5F02-42AA-A227-3A10E2C914BB} = {50981F55-FD4C-4A1A-A489-5039F13EE55C}
		{083ADAE3-C3B2-4250-9FD2-F445D129D814} = {50981F55-FD4C-4A1A-A489-5039F13EE55C}
		{230D88C0-5EE9-405A-BEF3-EF7E964FB071} = {50981F55-FD4C-4A1A-A489-5039F13EE55C}
		{856A8BD7-571B-45F2-9ADC-7494D1CC3266} = {50981F55-FD4C-4A1A-A489-5039F13EE55C}
		{595A8371-D44F-48D1-9EC1-642060634A7F} = {A624A55B-40AF-4301-AD4E-58E9CE3E60FA}
	EndGlobalSection
EndGlobal
