
Microsoft Visual Studio Solution File, Format Version 12.00
# Visual Studio Version 17
VisualStudioVersion = 17.0.31903.59
MinimumVisualStudioVersion = 10.0.40219.1
Project("{2150E333-8FDC-42A3-9474-1A3956D46DE8}") = "src", "src", "{A12D2EC8-B2F6-4CD3-B73C-CE7C7C967123}"
EndProject
Project("{2150E333-8FDC-42A3-9474-1A3956D46DE8}") = "AuthenticationService", "AuthenticationService", "{843C5D5B-2777-4392-86D3-999D5BF8DD32}"
EndProject
Project("{9A19103F-16F7-4668-BE54-9A1E7A4F7556}") = "AuthenticationService.Application", "src\AuthenticationService\AuthenticationService.Application\AuthenticationService.Application.csproj", "{43E4A675-42E3-46FA-A3A3-D10BB8E1EBF2}"
EndProject
Project("{9A19103F-16F7-4668-BE54-9A1E7A4F7556}") = "AuthenticationService.Domain", "src\AuthenticationService\AuthenticationService.Domain\AuthenticationService.Domain.csproj", "{35882A0D-AB91-42A6-8430-115A28216F97}"
EndProject
Project("{9A19103F-16F7-4668-BE54-9A1E7A4F7556}") = "AuthenticationService.Infrastructure", "src\AuthenticationService\AuthenticationService.Infrastructure\AuthenticationService.Infrastructure.csproj", "{B1A52C74-A3EE-451B-962E-554F40CC1AD8}"
EndProject
Project("{9A19103F-16F7-4668-BE54-9A1E7A4F7556}") = "AuthenticationService.Presentation", "src\AuthenticationService\AuthenticationService.Presentation\AuthenticationService.Presentation.csproj", "{B3705A80-82C5-4801-9E86-67BDE96A3B12}"
EndProject
Project("{2150E333-8FDC-42A3-9474-1A3956D46DE8}") = "MailService", "MailService", "{470F0270-2442-44AE-9343-88F7EE277565}"
EndProject
Project("{9A19103F-16F7-4668-BE54-9A1E7A4F7556}") = "MailService.Application", "src\MailService\MailService.Application\MailService.Application.csproj", "{E466C7EB-49E2-4652-8991-6FA8847B10A5}"
EndProject
Project("{9A19103F-16F7-4668-BE54-9A1E7A4F7556}") = "MailService.Domain", "src\MailService\MailService.Domain\MailService.Domain.csproj", "{8A41F92F-DAB8-4615-8370-9F45B71FC1B7}"
EndProject
Project("{9A19103F-16F7-4668-BE54-9A1E7A4F7556}") = "MailService.Infrastructure", "src\MailService\MailService.Infrastructure\MailService.Infrastructure.csproj", "{A6498C9B-5B3A-4D84-AE4A-810456D994BF}"
EndProject
Project("{9A19103F-16F7-4668-BE54-9A1E7A4F7556}") = "MailService.Presentation", "src\MailService\MailService.Presentation\MailService.Presentation.csproj", "{D27CD734-EA19-48F2-867E-0E38A8277F7E}"
EndProject
Project("{2150E333-8FDC-42A3-9474-1A3956D46DE8}") = "tests", "tests", "{29416C61-7EC0-41B3-99BB-0BF15D9996D3}"
EndProject
Project("{2150E333-8FDC-42A3-9474-1A3956D46DE8}") = "AuthenticationService", "AuthenticationService", "{9B8C3545-B8DF-47C7-8950-264A01E16A50}"
EndProject
Project("{9A19103F-16F7-4668-BE54-9A1E7A4F7556}") = "AuthenticationService.ApplicationTests", "tests\AuthenticationService\AuthenticationService.ApplicationTests\AuthenticationService.ApplicationTests.csproj", "{F63390BA-0EDA-4C4E-9F8E-BBF2216F167E}"
EndProject
Project("{9A19103F-16F7-4668-BE54-9A1E7A4F7556}") = "AuthenticationService.InfrastructureTests", "tests\AuthenticationService\AuthenticationService.InfrastructureTests\AuthenticationService.InfrastructureTests.csproj", "{ECA26A3B-7219-4975-B894-6E8B3733975A}"
EndProject
Project("{E53339B2-1760-4266-BCC7-CA923CBCF16C}") = "docker-compose", "docker-compose.dcproj", "{83854645-F70F-4437-BE06-BD3732E8C873}"
EndProject
Project("{9A19103F-16F7-4668-BE54-9A1E7A4F7556}") = "Domain", "src\Domain\Domain.csproj", "{F6D3FA00-05A5-467E-BBED-B29730699D1C}"
EndProject
Project("{9A19103F-16F7-4668-BE54-9A1E7A4F7556}") = "Application", "src\Application\Application.csproj", "{3AAEE0A8-0E04-4BAE-8BD4-BADB6DCB593F}"
EndProject
Global
	GlobalSection(SolutionConfigurationPlatforms) = preSolution
		Debug|Any CPU = Debug|Any CPU
		Release|Any CPU = Release|Any CPU
	EndGlobalSection
	GlobalSection(ProjectConfigurationPlatforms) = postSolution
		{43E4A675-42E3-46FA-A3A3-D10BB8E1EBF2}.Debug|Any CPU.ActiveCfg = Debug|Any CPU
		{43E4A675-42E3-46FA-A3A3-D10BB8E1EBF2}.Debug|Any CPU.Build.0 = Debug|Any CPU
		{43E4A675-42E3-46FA-A3A3-D10BB8E1EBF2}.Release|Any CPU.ActiveCfg = Release|Any CPU
		{43E4A675-42E3-46FA-A3A3-D10BB8E1EBF2}.Release|Any CPU.Build.0 = Release|Any CPU
		{35882A0D-AB91-42A6-8430-115A28216F97}.Debug|Any CPU.ActiveCfg = Debug|Any CPU
		{35882A0D-AB91-42A6-8430-115A28216F97}.Debug|Any CPU.Build.0 = Debug|Any CPU
		{35882A0D-AB91-42A6-8430-115A28216F97}.Release|Any CPU.ActiveCfg = Release|Any CPU
		{35882A0D-AB91-42A6-8430-115A28216F97}.Release|Any CPU.Build.0 = Release|Any CPU
		{B1A52C74-A3EE-451B-962E-554F40CC1AD8}.Debug|Any CPU.ActiveCfg = Debug|Any CPU
		{B1A52C74-A3EE-451B-962E-554F40CC1AD8}.Debug|Any CPU.Build.0 = Debug|Any CPU
		{B1A52C74-A3EE-451B-962E-554F40CC1AD8}.Release|Any CPU.ActiveCfg = Release|Any CPU
		{B1A52C74-A3EE-451B-962E-554F40CC1AD8}.Release|Any CPU.Build.0 = Release|Any CPU
		{B3705A80-82C5-4801-9E86-67BDE96A3B12}.Debug|Any CPU.ActiveCfg = Debug|Any CPU
		{B3705A80-82C5-4801-9E86-67BDE96A3B12}.Debug|Any CPU.Build.0 = Debug|Any CPU
		{B3705A80-82C5-4801-9E86-67BDE96A3B12}.Release|Any CPU.ActiveCfg = Release|Any CPU
		{B3705A80-82C5-4801-9E86-67BDE96A3B12}.Release|Any CPU.Build.0 = Release|Any CPU
		{E466C7EB-49E2-4652-8991-6FA8847B10A5}.Debug|Any CPU.ActiveCfg = Debug|Any CPU
		{E466C7EB-49E2-4652-8991-6FA8847B10A5}.Debug|Any CPU.Build.0 = Debug|Any CPU
		{E466C7EB-49E2-4652-8991-6FA8847B10A5}.Release|Any CPU.ActiveCfg = Release|Any CPU
		{E466C7EB-49E2-4652-8991-6FA8847B10A5}.Release|Any CPU.Build.0 = Release|Any CPU
		{8A41F92F-DAB8-4615-8370-9F45B71FC1B7}.Debug|Any CPU.ActiveCfg = Debug|Any CPU
		{8A41F92F-DAB8-4615-8370-9F45B71FC1B7}.Debug|Any CPU.Build.0 = Debug|Any CPU
		{8A41F92F-DAB8-4615-8370-9F45B71FC1B7}.Release|Any CPU.ActiveCfg = Release|Any CPU
		{8A41F92F-DAB8-4615-8370-9F45B71FC1B7}.Release|Any CPU.Build.0 = Release|Any CPU
		{A6498C9B-5B3A-4D84-AE4A-810456D994BF}.Debug|Any CPU.ActiveCfg = Debug|Any CPU
		{A6498C9B-5B3A-4D84-AE4A-810456D994BF}.Debug|Any CPU.Build.0 = Debug|Any CPU
		{A6498C9B-5B3A-4D84-AE4A-810456D994BF}.Release|Any CPU.ActiveCfg = Release|Any CPU
		{A6498C9B-5B3A-4D84-AE4A-810456D994BF}.Release|Any CPU.Build.0 = Release|Any CPU
		{D27CD734-EA19-48F2-867E-0E38A8277F7E}.Debug|Any CPU.ActiveCfg = Debug|Any CPU
		{D27CD734-EA19-48F2-867E-0E38A8277F7E}.Debug|Any CPU.Build.0 = Debug|Any CPU
		{D27CD734-EA19-48F2-867E-0E38A8277F7E}.Release|Any CPU.ActiveCfg = Release|Any CPU
		{D27CD734-EA19-48F2-867E-0E38A8277F7E}.Release|Any CPU.Build.0 = Release|Any CPU
		{F63390BA-0EDA-4C4E-9F8E-BBF2216F167E}.Debug|Any CPU.ActiveCfg = Debug|Any CPU
		{F63390BA-0EDA-4C4E-9F8E-BBF2216F167E}.Debug|Any CPU.Build.0 = Debug|Any CPU
		{F63390BA-0EDA-4C4E-9F8E-BBF2216F167E}.Release|Any CPU.ActiveCfg = Release|Any CPU
		{F63390BA-0EDA-4C4E-9F8E-BBF2216F167E}.Release|Any CPU.Build.0 = Release|Any CPU
		{ECA26A3B-7219-4975-B894-6E8B3733975A}.Debug|Any CPU.ActiveCfg = Debug|Any CPU
		{ECA26A3B-7219-4975-B894-6E8B3733975A}.Debug|Any CPU.Build.0 = Debug|Any CPU
		{ECA26A3B-7219-4975-B894-6E8B3733975A}.Release|Any CPU.ActiveCfg = Release|Any CPU
		{ECA26A3B-7219-4975-B894-6E8B3733975A}.Release|Any CPU.Build.0 = Release|Any CPU
		{83854645-F70F-4437-BE06-BD3732E8C873}.Debug|Any CPU.ActiveCfg = Debug|Any CPU
		{83854645-F70F-4437-BE06-BD3732E8C873}.Debug|Any CPU.Build.0 = Debug|Any CPU
		{83854645-F70F-4437-BE06-BD3732E8C873}.Release|Any CPU.ActiveCfg = Release|Any CPU
		{83854645-F70F-4437-BE06-BD3732E8C873}.Release|Any CPU.Build.0 = Release|Any CPU
		{F6D3FA00-05A5-467E-BBED-B29730699D1C}.Debug|Any CPU.ActiveCfg = Debug|Any CPU
		{F6D3FA00-05A5-467E-BBED-B29730699D1C}.Debug|Any CPU.Build.0 = Debug|Any CPU
		{F6D3FA00-05A5-467E-BBED-B29730699D1C}.Release|Any CPU.ActiveCfg = Release|Any CPU
		{F6D3FA00-05A5-467E-BBED-B29730699D1C}.Release|Any CPU.Build.0 = Release|Any CPU
		{3AAEE0A8-0E04-4BAE-8BD4-BADB6DCB593F}.Debug|Any CPU.ActiveCfg = Debug|Any CPU
		{3AAEE0A8-0E04-4BAE-8BD4-BADB6DCB593F}.Debug|Any CPU.Build.0 = Debug|Any CPU
		{3AAEE0A8-0E04-4BAE-8BD4-BADB6DCB593F}.Release|Any CPU.ActiveCfg = Release|Any CPU
		{3AAEE0A8-0E04-4BAE-8BD4-BADB6DCB593F}.Release|Any CPU.Build.0 = Release|Any CPU
	EndGlobalSection
	GlobalSection(SolutionProperties) = preSolution
		HideSolutionNode = FALSE
	EndGlobalSection
	GlobalSection(NestedProjects) = preSolution
		{843C5D5B-2777-4392-86D3-999D5BF8DD32} = {A12D2EC8-B2F6-4CD3-B73C-CE7C7C967123}
		{43E4A675-42E3-46FA-A3A3-D10BB8E1EBF2} = {843C5D5B-2777-4392-86D3-999D5BF8DD32}
		{35882A0D-AB91-42A6-8430-115A28216F97} = {843C5D5B-2777-4392-86D3-999D5BF8DD32}
		{B1A52C74-A3EE-451B-962E-554F40CC1AD8} = {843C5D5B-2777-4392-86D3-999D5BF8DD32}
		{B3705A80-82C5-4801-9E86-67BDE96A3B12} = {843C5D5B-2777-4392-86D3-999D5BF8DD32}
		{470F0270-2442-44AE-9343-88F7EE277565} = {A12D2EC8-B2F6-4CD3-B73C-CE7C7C967123}
		{E466C7EB-49E2-4652-8991-6FA8847B10A5} = {470F0270-2442-44AE-9343-88F7EE277565}
		{8A41F92F-DAB8-4615-8370-9F45B71FC1B7} = {470F0270-2442-44AE-9343-88F7EE277565}
		{A6498C9B-5B3A-4D84-AE4A-810456D994BF} = {470F0270-2442-44AE-9343-88F7EE277565}
		{D27CD734-EA19-48F2-867E-0E38A8277F7E} = {470F0270-2442-44AE-9343-88F7EE277565}
		{9B8C3545-B8DF-47C7-8950-264A01E16A50} = {29416C61-7EC0-41B3-99BB-0BF15D9996D3}
		{F63390BA-0EDA-4C4E-9F8E-BBF2216F167E} = {9B8C3545-B8DF-47C7-8950-264A01E16A50}
		{ECA26A3B-7219-4975-B894-6E8B3733975A} = {9B8C3545-B8DF-47C7-8950-264A01E16A50}
		{F6D3FA00-05A5-467E-BBED-B29730699D1C} = {A12D2EC8-B2F6-4CD3-B73C-CE7C7C967123}
		{3AAEE0A8-0E04-4BAE-8BD4-BADB6DCB593F} = {A12D2EC8-B2F6-4CD3-B73C-CE7C7C967123}
	EndGlobalSection
	GlobalSection(ExtensibilityGlobals) = postSolution
		SolutionGuid = {FCE9E16F-5A50-4618-AC3A-653B828CCBC7}
	EndGlobalSection
EndGlobal
